// !$*UTF8*$!
{
	archiveVersion = 1;
	classes = {
	};
	objectVersion = 51;
	objects = {

/* Begin PBXBuildFile section */
		4D97F5C6838424F9312B2A1E /* Pods_Nano.framework in Frameworks */ = {isa = PBXBuildFile; fileRef = 95B9FAD94A6B96524F45219B /* Pods_Nano.framework */; };
		B060AF7D24CDD5B50005E445 /* AppDelegate.swift in Sources */ = {isa = PBXBuildFile; fileRef = B060AF7C24CDD5B50005E445 /* AppDelegate.swift */; };
		B060AF7F24CDD5B50005E445 /* SceneDelegate.swift in Sources */ = {isa = PBXBuildFile; fileRef = B060AF7E24CDD5B50005E445 /* SceneDelegate.swift */; };
		B060AF8124CDD5B50005E445 /* ViewController.swift in Sources */ = {isa = PBXBuildFile; fileRef = B060AF8024CDD5B50005E445 /* ViewController.swift */; };
		B060AF8424CDD5B50005E445 /* Main.storyboard in Resources */ = {isa = PBXBuildFile; fileRef = B060AF8224CDD5B50005E445 /* Main.storyboard */; };
		B060AF8624CDD5B60005E445 /* Assets.xcassets in Resources */ = {isa = PBXBuildFile; fileRef = B060AF8524CDD5B60005E445 /* Assets.xcassets */; };
		B060AF8924CDD5B60005E445 /* LaunchScreen.storyboard in Resources */ = {isa = PBXBuildFile; fileRef = B060AF8724CDD5B60005E445 /* LaunchScreen.storyboard */; };
		B060AF9124CDD86D0005E445 /* GoogleService-Info.plist in Resources */ = {isa = PBXBuildFile; fileRef = B060AF9024CDD86D0005E445 /* GoogleService-Info.plist */; };
/* End PBXBuildFile section */

/* Begin PBXFileReference section */
		908477FFF2BA97878D924763 /* Pods-Nano.debug.xcconfig */ = {isa = PBXFileReference; includeInIndex = 1; lastKnownFileType = text.xcconfig; name = "Pods-Nano.debug.xcconfig"; path = "Target Support Files/Pods-Nano/Pods-Nano.debug.xcconfig"; sourceTree = "<group>"; };
		95B9FAD94A6B96524F45219B /* Pods_Nano.framework */ = {isa = PBXFileReference; explicitFileType = wrapper.framework; includeInIndex = 0; path = Pods_Nano.framework; sourceTree = BUILT_PRODUCTS_DIR; };
		B060AF7924CDD5B50005E445 /* Nano Finance.app */ = {isa = PBXFileReference; explicitFileType = wrapper.application; includeInIndex = 0; path = "Nano Finance.app"; sourceTree = BUILT_PRODUCTS_DIR; };
		B060AF7C24CDD5B50005E445 /* AppDelegate.swift */ = {isa = PBXFileReference; lastKnownFileType = sourcecode.swift; path = AppDelegate.swift; sourceTree = "<group>"; };
		B060AF7E24CDD5B50005E445 /* SceneDelegate.swift */ = {isa = PBXFileReference; lastKnownFileType = sourcecode.swift; path = SceneDelegate.swift; sourceTree = "<group>"; };
		B060AF8024CDD5B50005E445 /* ViewController.swift */ = {isa = PBXFileReference; lastKnownFileType = sourcecode.swift; path = ViewController.swift; sourceTree = "<group>"; };
		B060AF8324CDD5B50005E445 /* Base */ = {isa = PBXFileReference; lastKnownFileType = file.storyboard; name = Base; path = Base.lproj/Main.storyboard; sourceTree = "<group>"; };
		B060AF8524CDD5B60005E445 /* Assets.xcassets */ = {isa = PBXFileReference; lastKnownFileType = folder.assetcatalog; path = Assets.xcassets; sourceTree = "<group>"; };
		B060AF8824CDD5B60005E445 /* Base */ = {isa = PBXFileReference; lastKnownFileType = file.storyboard; name = Base; path = Base.lproj/LaunchScreen.storyboard; sourceTree = "<group>"; };
		B060AF8A24CDD5B60005E445 /* Info.plist */ = {isa = PBXFileReference; lastKnownFileType = text.plist.xml; path = Info.plist; sourceTree = "<group>"; };
		B060AF9024CDD86D0005E445 /* GoogleService-Info.plist */ = {isa = PBXFileReference; fileEncoding = 4; lastKnownFileType = text.plist.xml; path = "GoogleService-Info.plist"; sourceTree = "<group>"; };
		B060AF9224CDD9ED0005E445 /* Nano.entitlements */ = {isa = PBXFileReference; lastKnownFileType = text.plist.entitlements; path = Nano.entitlements; sourceTree = "<group>"; };
		DF4407DBDC3ACD8E41040A70 /* Pods-Nano.release.xcconfig */ = {isa = PBXFileReference; includeInIndex = 1; lastKnownFileType = text.xcconfig; name = "Pods-Nano.release.xcconfig"; path = "Target Support Files/Pods-Nano/Pods-Nano.release.xcconfig"; sourceTree = "<group>"; };
/* End PBXFileReference section */

/* Begin PBXFrameworksBuildPhase section */
		B060AF7624CDD5B50005E445 /* Frameworks */ = {
			isa = PBXFrameworksBuildPhase;
			buildActionMask = 2147483647;
			files = (
				4D97F5C6838424F9312B2A1E /* Pods_Nano.framework in Frameworks */,
			);
			runOnlyForDeploymentPostprocessing = 0;
		};
/* End PBXFrameworksBuildPhase section */

/* Begin PBXGroup section */
		151328B5D2DC82F461C9E155 /* Pods */ = {
			isa = PBXGroup;
			children = (
				908477FFF2BA97878D924763 /* Pods-Nano.debug.xcconfig */,
				DF4407DBDC3ACD8E41040A70 /* Pods-Nano.release.xcconfig */,
			);
			path = Pods;
			sourceTree = "<group>";
		};
		5959E48CB34F2507ED525D0B /* Frameworks */ = {
			isa = PBXGroup;
			children = (
				95B9FAD94A6B96524F45219B /* Pods_Nano.framework */,
			);
			name = Frameworks;
			sourceTree = "<group>";
		};
		B060AF7024CDD5B50005E445 = {
			isa = PBXGroup;
			children = (
				B060AF7B24CDD5B50005E445 /* Nano */,
				B060AF7A24CDD5B50005E445 /* Products */,
				151328B5D2DC82F461C9E155 /* Pods */,
				5959E48CB34F2507ED525D0B /* Frameworks */,
			);
			sourceTree = "<group>";
		};
		B060AF7A24CDD5B50005E445 /* Products */ = {
			isa = PBXGroup;
			children = (
				B060AF7924CDD5B50005E445 /* Nano Finance.app */,
			);
			name = Products;
			sourceTree = "<group>";
		};
		B060AF7B24CDD5B50005E445 /* Nano */ = {
			isa = PBXGroup;
			children = (
				B060AF9224CDD9ED0005E445 /* Nano.entitlements */,
				B060AF7C24CDD5B50005E445 /* AppDelegate.swift */,
				B060AF7E24CDD5B50005E445 /* SceneDelegate.swift */,
				B060AF8024CDD5B50005E445 /* ViewController.swift */,
				B060AF8224CDD5B50005E445 /* Main.storyboard */,
				B060AF8524CDD5B60005E445 /* Assets.xcassets */,
				B060AF8724CDD5B60005E445 /* LaunchScreen.storyboard */,
				B060AF8A24CDD5B60005E445 /* Info.plist */,
				B060AF9024CDD86D0005E445 /* GoogleService-Info.plist */,
			);
			path = Nano;
			sourceTree = "<group>";
		};
/* End PBXGroup section */

/* Begin PBXNativeTarget section */
		B060AF7824CDD5B50005E445 /* Nano */ = {
			isa = PBXNativeTarget;
			buildConfigurationList = B060AF8D24CDD5B60005E445 /* Build configuration list for PBXNativeTarget "Nano" */;
			buildPhases = (
				C58D05ED052D8CFCA243262B /* [CP] Check Pods Manifest.lock */,
				B060AF7524CDD5B50005E445 /* Sources */,
				B060AF7624CDD5B50005E445 /* Frameworks */,
				B060AF7724CDD5B50005E445 /* Resources */,
				D7D1226DB68566DB5D6BEFA5 /* [CP] Embed Pods Frameworks */,
			);
			buildRules = (
			);
			dependencies = (
			);
			name = Nano;
			productName = Nano;
			productReference = B060AF7924CDD5B50005E445 /* Nano Finance.app */;
			productType = "com.apple.product-type.application";
		};
/* End PBXNativeTarget section */

/* Begin PBXProject section */
		B060AF7124CDD5B50005E445 /* Project object */ = {
			isa = PBXProject;
			attributes = {
				LastSwiftUpdateCheck = 1160;
				LastUpgradeCheck = 1160;
				ORGANIZATIONNAME = "Robert Canton";
				TargetAttributes = {
					B060AF7824CDD5B50005E445 = {
						CreatedOnToolsVersion = 11.6;
					};
				};
			};
			buildConfigurationList = B060AF7424CDD5B50005E445 /* Build configuration list for PBXProject "Nano" */;
			compatibilityVersion = "Xcode 9.3";
			developmentRegion = en;
			hasScannedForEncodings = 0;
			knownRegions = (
				en,
				Base,
			);
			mainGroup = B060AF7024CDD5B50005E445;
			productRefGroup = B060AF7A24CDD5B50005E445 /* Products */;
			projectDirPath = "";
			projectRoot = "";
			targets = (
				B060AF7824CDD5B50005E445 /* Nano */,
			);
		};
/* End PBXProject section */

/* Begin PBXResourcesBuildPhase section */
		B060AF7724CDD5B50005E445 /* Resources */ = {
			isa = PBXResourcesBuildPhase;
			buildActionMask = 2147483647;
			files = (
				B060AF8924CDD5B60005E445 /* LaunchScreen.storyboard in Resources */,
				B060AF9124CDD86D0005E445 /* GoogleService-Info.plist in Resources */,
				B060AF8624CDD5B60005E445 /* Assets.xcassets in Resources */,
				B060AF8424CDD5B50005E445 /* Main.storyboard in Resources */,
			);
			runOnlyForDeploymentPostprocessing = 0;
		};
/* End PBXResourcesBuildPhase section */

/* Begin PBXShellScriptBuildPhase section */
		C58D05ED052D8CFCA243262B /* [CP] Check Pods Manifest.lock */ = {
			isa = PBXShellScriptBuildPhase;
			buildActionMask = 2147483647;
			files = (
			);
			inputFileListPaths = (
			);
			inputPaths = (
				"${PODS_PODFILE_DIR_PATH}/Podfile.lock",
				"${PODS_ROOT}/Manifest.lock",
			);
			name = "[CP] Check Pods Manifest.lock";
			outputFileListPaths = (
			);
			outputPaths = (
				"$(DERIVED_FILE_DIR)/Pods-Nano-checkManifestLockResult.txt",
			);
			runOnlyForDeploymentPostprocessing = 0;
			shellPath = /bin/sh;
			shellScript = "diff \"${PODS_PODFILE_DIR_PATH}/Podfile.lock\" \"${PODS_ROOT}/Manifest.lock\" > /dev/null\nif [ $? != 0 ] ; then\n    # print error to STDERR\n    echo \"error: The sandbox is not in sync with the Podfile.lock. Run 'pod install' or update your CocoaPods installation.\" >&2\n    exit 1\nfi\n# This output is used by Xcode 'outputs' to avoid re-running this script phase.\necho \"SUCCESS\" > \"${SCRIPT_OUTPUT_FILE_0}\"\n";
			showEnvVarsInLog = 0;
		};
		D7D1226DB68566DB5D6BEFA5 /* [CP] Embed Pods Frameworks */ = {
			isa = PBXShellScriptBuildPhase;
			buildActionMask = 2147483647;
			files = (
			);
			inputFileListPaths = (
				"${PODS_ROOT}/Target Support Files/Pods-Nano/Pods-Nano-frameworks-${CONFIGURATION}-input-files.xcfilelist",
			);
			name = "[CP] Embed Pods Frameworks";
			outputFileListPaths = (
				"${PODS_ROOT}/Target Support Files/Pods-Nano/Pods-Nano-frameworks-${CONFIGURATION}-output-files.xcfilelist",
			);
			runOnlyForDeploymentPostprocessing = 0;
			shellPath = /bin/sh;
			shellScript = "\"${PODS_ROOT}/Target Support Files/Pods-Nano/Pods-Nano-frameworks.sh\"\n";
			showEnvVarsInLog = 0;
		};
/* End PBXShellScriptBuildPhase section */

/* Begin PBXSourcesBuildPhase section */
		B060AF7524CDD5B50005E445 /* Sources */ = {
			isa = PBXSourcesBuildPhase;
			buildActionMask = 2147483647;
			files = (
				B060AF8124CDD5B50005E445 /* ViewController.swift in Sources */,
				B060AF7D24CDD5B50005E445 /* AppDelegate.swift in Sources */,
				B060AF7F24CDD5B50005E445 /* SceneDelegate.swift in Sources */,
			);
			runOnlyForDeploymentPostprocessing = 0;
		};
/* End PBXSourcesBuildPhase section */

/* Begin PBXVariantGroup section */
		B060AF8224CDD5B50005E445 /* Main.storyboard */ = {
			isa = PBXVariantGroup;
			children = (
				B060AF8324CDD5B50005E445 /* Base */,
			);
			name = Main.storyboard;
			sourceTree = "<group>";
		};
		B060AF8724CDD5B60005E445 /* LaunchScreen.storyboard */ = {
			isa = PBXVariantGroup;
			children = (
				B060AF8824CDD5B60005E445 /* Base */,
			);
			name = LaunchScreen.storyboard;
			sourceTree = "<group>";
		};
/* End PBXVariantGroup section */

/* Begin XCBuildConfiguration section */
		B060AF8B24CDD5B60005E445 /* Debug */ = {
			isa = XCBuildConfiguration;
			buildSettings = {
				ALWAYS_SEARCH_USER_PATHS = NO;
				CLANG_ANALYZER_NONNULL = YES;
				CLANG_ANALYZER_NUMBER_OBJECT_CONVERSION = YES_AGGRESSIVE;
				CLANG_CXX_LANGUAGE_STANDARD = "gnu++14";
				CLANG_CXX_LIBRARY = "libc++";
				CLANG_ENABLE_MODULES = YES;
				CLANG_ENABLE_OBJC_ARC = YES;
				CLANG_ENABLE_OBJC_WEAK = YES;
				CLANG_WARN_BLOCK_CAPTURE_AUTORELEASING = YES;
				CLANG_WARN_BOOL_CONVERSION = YES;
				CLANG_WARN_COMMA = YES;
				CLANG_WARN_CONSTANT_CONVERSION = YES;
				CLANG_WARN_DEPRECATED_OBJC_IMPLEMENTATIONS = YES;
				CLANG_WARN_DIRECT_OBJC_ISA_USAGE = YES_ERROR;
				CLANG_WARN_DOCUMENTATION_COMMENTS = YES;
				CLANG_WARN_EMPTY_BODY = YES;
				CLANG_WARN_ENUM_CONVERSION = YES;
				CLANG_WARN_INFINITE_RECURSION = YES;
				CLANG_WARN_INT_CONVERSION = YES;
				CLANG_WARN_NON_LITERAL_NULL_CONVERSION = YES;
				CLANG_WARN_OBJC_IMPLICIT_RETAIN_SELF = YES;
				CLANG_WARN_OBJC_LITERAL_CONVERSION = YES;
				CLANG_WARN_OBJC_ROOT_CLASS = YES_ERROR;
				CLANG_WARN_RANGE_LOOP_ANALYSIS = YES;
				CLANG_WARN_STRICT_PROTOTYPES = YES;
				CLANG_WARN_SUSPICIOUS_MOVE = YES;
				CLANG_WARN_UNGUARDED_AVAILABILITY = YES_AGGRESSIVE;
				CLANG_WARN_UNREACHABLE_CODE = YES;
				CLANG_WARN__DUPLICATE_METHOD_MATCH = YES;
				COPY_PHASE_STRIP = NO;
				DEBUG_INFORMATION_FORMAT = dwarf;
				ENABLE_STRICT_OBJC_MSGSEND = YES;
				ENABLE_TESTABILITY = YES;
				GCC_C_LANGUAGE_STANDARD = gnu11;
				GCC_DYNAMIC_NO_PIC = NO;
				GCC_NO_COMMON_BLOCKS = YES;
				GCC_OPTIMIZATION_LEVEL = 0;
				GCC_PREPROCESSOR_DEFINITIONS = (
					"DEBUG=1",
					"$(inherited)",
				);
				GCC_WARN_64_TO_32_BIT_CONVERSION = YES;
				GCC_WARN_ABOUT_RETURN_TYPE = YES_ERROR;
				GCC_WARN_UNDECLARED_SELECTOR = YES;
				GCC_WARN_UNINITIALIZED_AUTOS = YES_AGGRESSIVE;
				GCC_WARN_UNUSED_FUNCTION = YES;
				GCC_WARN_UNUSED_VARIABLE = YES;
				IPHONEOS_DEPLOYMENT_TARGET = 13.6;
				MTL_ENABLE_DEBUG_INFO = INCLUDE_SOURCE;
				MTL_FAST_MATH = YES;
				ONLY_ACTIVE_ARCH = YES;
				SDKROOT = iphoneos;
				SWIFT_ACTIVE_COMPILATION_CONDITIONS = DEBUG;
				SWIFT_OPTIMIZATION_LEVEL = "-Onone";
			};
			name = Debug;
		};
		B060AF8C24CDD5B60005E445 /* Release */ = {
			isa = XCBuildConfiguration;
			buildSettings = {
				ALWAYS_SEARCH_USER_PATHS = NO;
				CLANG_ANALYZER_NONNULL = YES;
				CLANG_ANALYZER_NUMBER_OBJECT_CONVERSION = YES_AGGRESSIVE;
				CLANG_CXX_LANGUAGE_STANDARD = "gnu++14";
				CLANG_CXX_LIBRARY = "libc++";
				CLANG_ENABLE_MODULES = YES;
				CLANG_ENABLE_OBJC_ARC = YES;
				CLANG_ENABLE_OBJC_WEAK = YES;
				CLANG_WARN_BLOCK_CAPTURE_AUTORELEASING = YES;
				CLANG_WARN_BOOL_CONVERSION = YES;
				CLANG_WARN_COMMA = YES;
				CLANG_WARN_CONSTANT_CONVERSION = YES;
				CLANG_WARN_DEPRECATED_OBJC_IMPLEMENTATIONS = YES;
				CLANG_WARN_DIRECT_OBJC_ISA_USAGE = YES_ERROR;
				CLANG_WARN_DOCUMENTATION_COMMENTS = YES;
				CLANG_WARN_EMPTY_BODY = YES;
				CLANG_WARN_ENUM_CONVERSION = YES;
				CLANG_WARN_INFINITE_RECURSION = YES;
				CLANG_WARN_INT_CONVERSION = YES;
				CLANG_WARN_NON_LITERAL_NULL_CONVERSION = YES;
				CLANG_WARN_OBJC_IMPLICIT_RETAIN_SELF = YES;
				CLANG_WARN_OBJC_LITERAL_CONVERSION = YES;
				CLANG_WARN_OBJC_ROOT_CLASS = YES_ERROR;
				CLANG_WARN_RANGE_LOOP_ANALYSIS = YES;
				CLANG_WARN_STRICT_PROTOTYPES = YES;
				CLANG_WARN_SUSPICIOUS_MOVE = YES;
				CLANG_WARN_UNGUARDED_AVAILABILITY = YES_AGGRESSIVE;
				CLANG_WARN_UNREACHABLE_CODE = YES;
				CLANG_WARN__DUPLICATE_METHOD_MATCH = YES;
				COPY_PHASE_STRIP = NO;
				DEBUG_INFORMATION_FORMAT = "dwarf-with-dsym";
				ENABLE_NS_ASSERTIONS = NO;
				ENABLE_STRICT_OBJC_MSGSEND = YES;
				GCC_C_LANGUAGE_STANDARD = gnu11;
				GCC_NO_COMMON_BLOCKS = YES;
				GCC_WARN_64_TO_32_BIT_CONVERSION = YES;
				GCC_WARN_ABOUT_RETURN_TYPE = YES_ERROR;
				GCC_WARN_UNDECLARED_SELECTOR = YES;
				GCC_WARN_UNINITIALIZED_AUTOS = YES_AGGRESSIVE;
				GCC_WARN_UNUSED_FUNCTION = YES;
				GCC_WARN_UNUSED_VARIABLE = YES;
				IPHONEOS_DEPLOYMENT_TARGET = 13.6;
				MTL_ENABLE_DEBUG_INFO = NO;
				MTL_FAST_MATH = YES;
				SDKROOT = iphoneos;
				SWIFT_COMPILATION_MODE = wholemodule;
				SWIFT_OPTIMIZATION_LEVEL = "-O";
				VALIDATE_PRODUCT = YES;
			};
			name = Release;
		};
		B060AF8E24CDD5B60005E445 /* Debug */ = {
			isa = XCBuildConfiguration;
			baseConfigurationReference = 908477FFF2BA97878D924763 /* Pods-Nano.debug.xcconfig */;
			buildSettings = {
				ASSETCATALOG_COMPILER_APPICON_NAME = AppIcon;
				CODE_SIGN_ENTITLEMENTS = Nano/Nano.entitlements;
				CODE_SIGN_STYLE = Automatic;
				DEVELOPMENT_TEAM = 6BES3VUFCX;
				INFOPLIST_FILE = Nano/Info.plist;
				LD_RUNPATH_SEARCH_PATHS = (
					"$(inherited)",
					"@executable_path/Frameworks",
				);
				MARKETING_VERSION = 1.0.0;
				PRODUCT_BUNDLE_IDENTIFIER = com.robertcanton.Nano;
				PRODUCT_NAME = "Nano Finance";
				SWIFT_VERSION = 5.0;
				TARGETED_DEVICE_FAMILY = "1,2";
			};
			name = Debug;
		};
		B060AF8F24CDD5B60005E445 /* Release */ = {
			isa = XCBuildConfiguration;
			baseConfigurationReference = DF4407DBDC3ACD8E41040A70 /* Pods-Nano.release.xcconfig */;
			buildSettings = {
				ASSETCATALOG_COMPILER_APPICON_NAME = AppIcon;
				CODE_SIGN_ENTITLEMENTS = Nano/Nano.entitlements;
				CODE_SIGN_STYLE = Automatic;
				DEVELOPMENT_TEAM = 6BES3VUFCX;
				INFOPLIST_FILE = Nano/Info.plist;
				LD_RUNPATH_SEARCH_PATHS = (
					"$(inherited)",
					"@executable_path/Frameworks",
				);
				MARKETING_VERSION = 1.0.0;
				PRODUCT_BUNDLE_IDENTIFIER = com.robertcanton.Nano;
				PRODUCT_NAME = "Nano Finance";
				SWIFT_VERSION = 5.0;
				TARGETED_DEVICE_FAMILY = "1,2";
			};
			name = Release;
		};
/* End XCBuildConfiguration section */

/* Begin XCConfigurationList section */
		B060AF7424CDD5B50005E445 /* Build configuration list for PBXProject "Nano" */ = {
			isa = XCConfigurationList;
			buildConfigurations = (
				B060AF8B24CDD5B60005E445 /* Debug */,
				B060AF8C24CDD5B60005E445 /* Release */,
			);
			defaultConfigurationIsVisible = 0;
			defaultConfigurationName = Release;
		};
		B060AF8D24CDD5B60005E445 /* Build configuration list for PBXNativeTarget "Nano" */ = {
			isa = XCConfigurationList;
			buildConfigurations = (
				B060AF8E24CDD5B60005E445 /* Debug */,
				B060AF8F24CDD5B60005E445 /* Release */,
			);
			defaultConfigurationIsVisible = 0;
			defaultConfigurationName = Release;
		};
/* End XCConfigurationList section */
	};
	rootObject = B060AF7124CDD5B50005E445 /* Project object */;
}
